
Microsoft Visual Studio Solution File, Format Version 12.00
# Visual Studio Version 17
VisualStudioVersion = 17.14.36408.4 d17.14
MinimumVisualStudioVersion = 10.0.40219.1
Project("{FAE04EC0-301F-11D3-BF4B-00C04F79EFBC}") = "setup-wizard", "setup-wizard\setup-wizard.csproj", "{547EF92C-B722-4226-938A-25A7C78D5FB9}"
EndProject
Global
	GlobalSection(SolutionConfigurationPlatforms) = preSolution
		Debug|Any CPU = Debug|Any CPU
		Release|Any CPU = Release|Any CPU
	EndGlobalSection
	GlobalSection(ProjectConfigurationPlatforms) = postSolution
		{547EF92C-B722-4226-938A-25A7C78D5FB9}.Debug|Any CPU.ActiveCfg = Debug|Any CPU
		{547EF92C-B722-4226-938A-25A7C78D5FB9}.Debug|Any CPU.Build.0 = Debug|Any CPU
		{547EF92C-B722-4226-938A-25A7C78D5FB9}.Release|Any CPU.ActiveCfg = Release|Any CPU
		{547EF92C-B722-4226-938A-25A7C78D5FB9}.Release|Any CPU.Build.0 = Release|Any CPU
	EndGlobalSection
	GlobalSection(SolutionProperties) = preSolution
		HideSolutionNode = FALSE
	EndGlobalSection
	GlobalSection(ExtensibilityGlobals) = postSolution
		SolutionGuid = {39B6E553-857B-423D-9CD6-080FFDAE971E}
	EndGlobalSection
EndGlobal
